// !$*UTF8*$!
{
	archiveVersion = 1;
	classes = {
	};
	objectVersion = 50;
	objects = {

/* Begin PBXBuildFile section */
		484A6F732489CEA900EF7E22 /* Array+OnlyOne.swift in Sources */ = {isa = PBXBuildFile; fileRef = 484A6F722489CEA900EF7E22 /* Array+OnlyOne.swift */; };
		487B4A9B2487436200F50391 /* AppDelegate.swift in Sources */ = {isa = PBXBuildFile; fileRef = 487B4A9A2487436200F50391 /* AppDelegate.swift */; };
		487B4A9D2487436200F50391 /* SceneDelegate.swift in Sources */ = {isa = PBXBuildFile; fileRef = 487B4A9C2487436200F50391 /* SceneDelegate.swift */; };
		487B4A9F2487436200F50391 /* ContentView.swift in Sources */ = {isa = PBXBuildFile; fileRef = 487B4A9E2487436200F50391 /* ContentView.swift */; };
		487B4AA12487436A00F50391 /* Assets.xcassets in Resources */ = {isa = PBXBuildFile; fileRef = 487B4AA02487436A00F50391 /* Assets.xcassets */; };
		487B4AA42487436A00F50391 /* Preview Assets.xcassets in Resources */ = {isa = PBXBuildFile; fileRef = 487B4AA32487436A00F50391 /* Preview Assets.xcassets */; };
		487B4AA72487436A00F50391 /* LaunchScreen.storyboard in Resources */ = {isa = PBXBuildFile; fileRef = 487B4AA52487436A00F50391 /* LaunchScreen.storyboard */; };
		487B4AAF2487494500F50391 /* MemoryGame.swift in Sources */ = {isa = PBXBuildFile; fileRef = 487B4AAE2487494500F50391 /* MemoryGame.swift */; };
		487B4AB124874D2E00F50391 /* EmojiMemoryGame.swift in Sources */ = {isa = PBXBuildFile; fileRef = 487B4AB024874D2E00F50391 /* EmojiMemoryGame.swift */; };
		4895CDC9248C3F80002821F9 /* Pie.swift in Sources */ = {isa = PBXBuildFile; fileRef = 4895CDC8248C3F80002821F9 /* Pie.swift */; };
		4895CDCB248C481B002821F9 /* Cardify.swift in Sources */ = {isa = PBXBuildFile; fileRef = 4895CDCA248C481B002821F9 /* Cardify.swift */; };
		48C904E02488837E00B616B2 /* GridLayout.swift in Sources */ = {isa = PBXBuildFile; fileRef = 48C904DF2488837E00B616B2 /* GridLayout.swift */; };
		48C904E22488895C00B616B2 /* Grid.swift in Sources */ = {isa = PBXBuildFile; fileRef = 48C904E12488895C00B616B2 /* Grid.swift */; };
		48C904E42488F83300B616B2 /* Array+Indentifiable.swift in Sources */ = {isa = PBXBuildFile; fileRef = 48C904E32488F83300B616B2 /* Array+Indentifiable.swift */; };
/* End PBXBuildFile section */

/* Begin PBXFileReference section */
		484A6F722489CEA900EF7E22 /* Array+OnlyOne.swift */ = {isa = PBXFileReference; lastKnownFileType = sourcecode.swift; path = "Array+OnlyOne.swift"; sourceTree = "<group>"; };
		487772A4252BE29F00D85496 /* README.md */ = {isa = PBXFileReference; lastKnownFileType = net.daringfireball.markdown; path = README.md; sourceTree = "<group>"; };
		487B4A972487436200F50391 /* Memory.app */ = {isa = PBXFileReference; explicitFileType = wrapper.application; includeInIndex = 0; path = Memory.app; sourceTree = BUILT_PRODUCTS_DIR; };
		487B4A9A2487436200F50391 /* AppDelegate.swift */ = {isa = PBXFileReference; lastKnownFileType = sourcecode.swift; path = AppDelegate.swift; sourceTree = "<group>"; };
		487B4A9C2487436200F50391 /* SceneDelegate.swift */ = {isa = PBXFileReference; lastKnownFileType = sourcecode.swift; path = SceneDelegate.swift; sourceTree = "<group>"; };
		487B4A9E2487436200F50391 /* ContentView.swift */ = {isa = PBXFileReference; lastKnownFileType = sourcecode.swift; path = ContentView.swift; sourceTree = "<group>"; };
		487B4AA02487436A00F50391 /* Assets.xcassets */ = {isa = PBXFileReference; lastKnownFileType = folder.assetcatalog; path = Assets.xcassets; sourceTree = "<group>"; };
		487B4AA32487436A00F50391 /* Preview Assets.xcassets */ = {isa = PBXFileReference; lastKnownFileType = folder.assetcatalog; path = "Preview Assets.xcassets"; sourceTree = "<group>"; };
		487B4AA62487436A00F50391 /* Base */ = {isa = PBXFileReference; lastKnownFileType = file.storyboard; name = Base; path = Base.lproj/LaunchScreen.storyboard; sourceTree = "<group>"; };
		487B4AA82487436A00F50391 /* Info.plist */ = {isa = PBXFileReference; lastKnownFileType = text.plist.xml; path = Info.plist; sourceTree = "<group>"; };
		487B4AAE2487494500F50391 /* MemoryGame.swift */ = {isa = PBXFileReference; lastKnownFileType = sourcecode.swift; path = MemoryGame.swift; sourceTree = "<group>"; };
		487B4AB024874D2E00F50391 /* EmojiMemoryGame.swift */ = {isa = PBXFileReference; lastKnownFileType = sourcecode.swift; path = EmojiMemoryGame.swift; sourceTree = "<group>"; };
		4895CDC8248C3F80002821F9 /* Pie.swift */ = {isa = PBXFileReference; lastKnownFileType = sourcecode.swift; path = Pie.swift; sourceTree = "<group>"; };
		4895CDCA248C481B002821F9 /* Cardify.swift */ = {isa = PBXFileReference; lastKnownFileType = sourcecode.swift; path = Cardify.swift; sourceTree = "<group>"; };
		48C904DF2488837E00B616B2 /* GridLayout.swift */ = {isa = PBXFileReference; fileEncoding = 4; lastKnownFileType = sourcecode.swift; path = GridLayout.swift; sourceTree = "<group>"; };
		48C904E12488895C00B616B2 /* Grid.swift */ = {isa = PBXFileReference; lastKnownFileType = sourcecode.swift; path = Grid.swift; sourceTree = "<group>"; };
		48C904E32488F83300B616B2 /* Array+Indentifiable.swift */ = {isa = PBXFileReference; lastKnownFileType = sourcecode.swift; path = "Array+Indentifiable.swift"; sourceTree = "<group>"; };
/* End PBXFileReference section */

/* Begin PBXFrameworksBuildPhase section */
		487B4A942487436200F50391 /* Frameworks */ = {
			isa = PBXFrameworksBuildPhase;
			buildActionMask = 2147483647;
			files = (
			);
			runOnlyForDeploymentPostprocessing = 0;
		};
/* End PBXFrameworksBuildPhase section */

/* Begin PBXGroup section */
		487B4A8E2487436200F50391 = {
			isa = PBXGroup;
			children = (
				487772A4252BE29F00D85496 /* README.md */,
				487B4A992487436200F50391 /* Memory */,
				487B4A982487436200F50391 /* Products */,
			);
			sourceTree = "<group>";
		};
		487B4A982487436200F50391 /* Products */ = {
			isa = PBXGroup;
			children = (
				487B4A972487436200F50391 /* Memory.app */,
			);
			name = Products;
			sourceTree = "<group>";
		};
		487B4A992487436200F50391 /* Memory */ = {
			isa = PBXGroup;
			children = (
				48DEDD1B24D0FDEF00E9C26A /* Extensions */,
				48DEDD1A24D0FD8E00E9C26A /* View Model */,
				48DEDD1924D0FD5C00E9C26A /* Model */,
				48DEDD1824D0FD0500E9C26A /* View */,
				487B4A9A2487436200F50391 /* AppDelegate.swift */,
				487B4A9C2487436200F50391 /* SceneDelegate.swift */,
				487B4AA02487436A00F50391 /* Assets.xcassets */,
				487B4AA52487436A00F50391 /* LaunchScreen.storyboard */,
				487B4AA82487436A00F50391 /* Info.plist */,
				487B4AA22487436A00F50391 /* Preview Content */,
			);
			path = Memory;
			sourceTree = "<group>";
		};
		487B4AA22487436A00F50391 /* Preview Content */ = {
			isa = PBXGroup;
			children = (
				487B4AA32487436A00F50391 /* Preview Assets.xcassets */,
			);
			path = "Preview Content";
			sourceTree = "<group>";
		};
		48DEDD1824D0FD0500E9C26A /* View */ = {
			isa = PBXGroup;
			children = (
				487B4A9E2487436200F50391 /* ContentView.swift */,
				4895CDCA248C481B002821F9 /* Cardify.swift */,
				4895CDC8248C3F80002821F9 /* Pie.swift */,
				48C904DF2488837E00B616B2 /* GridLayout.swift */,
				48C904E12488895C00B616B2 /* Grid.swift */,
			);
			path = View;
			sourceTree = "<group>";
		};
		48DEDD1924D0FD5C00E9C26A /* Model */ = {
			isa = PBXGroup;
			children = (
				487B4AAE2487494500F50391 /* MemoryGame.swift */,
			);
			path = Model;
			sourceTree = "<group>";
		};
		48DEDD1A24D0FD8E00E9C26A /* View Model */ = {
			isa = PBXGroup;
			children = (
				487B4AB024874D2E00F50391 /* EmojiMemoryGame.swift */,
			);
			path = "View Model";
			sourceTree = "<group>";
		};
		48DEDD1B24D0FDEF00E9C26A /* Extensions */ = {
			isa = PBXGroup;
			children = (
				48C904E32488F83300B616B2 /* Array+Indentifiable.swift */,
				484A6F722489CEA900EF7E22 /* Array+OnlyOne.swift */,
			);
			path = Extensions;
			sourceTree = "<group>";
		};
/* End PBXGroup section */

/* Begin PBXNativeTarget section */
		487B4A962487436200F50391 /* Memory */ = {
			isa = PBXNativeTarget;
			buildConfigurationList = 487B4AAB2487436A00F50391 /* Build configuration list for PBXNativeTarget "Memory" */;
			buildPhases = (
				487B4A932487436200F50391 /* Sources */,
				487B4A942487436200F50391 /* Frameworks */,
				487B4A952487436200F50391 /* Resources */,
			);
			buildRules = (
			);
			dependencies = (
			);
			name = Memory;
			productName = Memory;
			productReference = 487B4A972487436200F50391 /* Memory.app */;
			productType = "com.apple.product-type.application";
		};
/* End PBXNativeTarget section */

/* Begin PBXProject section */
		487B4A8F2487436200F50391 /* Project object */ = {
			isa = PBXProject;
			attributes = {
				LastSwiftUpdateCheck = 1150;
				LastUpgradeCheck = 1150;
				ORGANIZATIONNAME = ssl;
				TargetAttributes = {
					487B4A962487436200F50391 = {
						CreatedOnToolsVersion = 11.5;
					};
				};
			};
			buildConfigurationList = 487B4A922487436200F50391 /* Build configuration list for PBXProject "Memory" */;
			compatibilityVersion = "Xcode 9.3";
			developmentRegion = en;
			hasScannedForEncodings = 0;
			knownRegions = (
				en,
				Base,
			);
			mainGroup = 487B4A8E2487436200F50391;
			productRefGroup = 487B4A982487436200F50391 /* Products */;
			projectDirPath = "";
			projectRoot = "";
			targets = (
				487B4A962487436200F50391 /* Memory */,
			);
		};
/* End PBXProject section */

/* Begin PBXResourcesBuildPhase section */
		487B4A952487436200F50391 /* Resources */ = {
			isa = PBXResourcesBuildPhase;
			buildActionMask = 2147483647;
			files = (
				487B4AA72487436A00F50391 /* LaunchScreen.storyboard in Resources */,
				487B4AA42487436A00F50391 /* Preview Assets.xcassets in Resources */,
				487B4AA12487436A00F50391 /* Assets.xcassets in Resources */,
			);
			runOnlyForDeploymentPostprocessing = 0;
		};
/* End PBXResourcesBuildPhase section */

/* Begin PBXSourcesBuildPhase section */
		487B4A932487436200F50391 /* Sources */ = {
			isa = PBXSourcesBuildPhase;
			buildActionMask = 2147483647;
			files = (
				4895CDCB248C481B002821F9 /* Cardify.swift in Sources */,
				4895CDC9248C3F80002821F9 /* Pie.swift in Sources */,
				487B4A9B2487436200F50391 /* AppDelegate.swift in Sources */,
				487B4A9D2487436200F50391 /* SceneDelegate.swift in Sources */,
				484A6F732489CEA900EF7E22 /* Array+OnlyOne.swift in Sources */,
				487B4AAF2487494500F50391 /* MemoryGame.swift in Sources */,
				48C904E02488837E00B616B2 /* GridLayout.swift in Sources */,
				48C904E42488F83300B616B2 /* Array+Indentifiable.swift in Sources */,
				487B4A9F2487436200F50391 /* ContentView.swift in Sources */,
				48C904E22488895C00B616B2 /* Grid.swift in Sources */,
				487B4AB124874D2E00F50391 /* EmojiMemoryGame.swift in Sources */,
			);
			runOnlyForDeploymentPostprocessing = 0;
		};
/* End PBXSourcesBuildPhase section */

/* Begin PBXVariantGroup section */
		487B4AA52487436A00F50391 /* LaunchScreen.storyboard */ = {
			isa = PBXVariantGroup;
			children = (
				487B4AA62487436A00F50391 /* Base */,
			);
			name = LaunchScreen.storyboard;
			sourceTree = "<group>";
		};
/* End PBXVariantGroup section */

/* Begin XCBuildConfiguration section */
		487B4AA92487436A00F50391 /* Debug */ = {
			isa = XCBuildConfiguration;
			buildSettings = {
				ALWAYS_SEARCH_USER_PATHS = NO;
				CLANG_ANALYZER_NONNULL = YES;
				CLANG_ANALYZER_NUMBER_OBJECT_CONVERSION = YES_AGGRESSIVE;
				CLANG_CXX_LANGUAGE_STANDARD = "gnu++14";
				CLANG_CXX_LIBRARY = "libc++";
				CLANG_ENABLE_MODULES = YES;
				CLANG_ENABLE_OBJC_ARC = YES;
				CLANG_ENABLE_OBJC_WEAK = YES;
				CLANG_WARN_BLOCK_CAPTURE_AUTORELEASING = YES;
				CLANG_WARN_BOOL_CONVERSION = YES;
				CLANG_WARN_COMMA = YES;
				CLANG_WARN_CONSTANT_CONVERSION = YES;
				CLANG_WARN_DEPRECATED_OBJC_IMPLEMENTATIONS = YES;
				CLANG_WARN_DIRECT_OBJC_ISA_USAGE = YES_ERROR;
				CLANG_WARN_DOCUMENTATION_COMMENTS = YES;
				CLANG_WARN_EMPTY_BODY = YES;
				CLANG_WARN_ENUM_CONVERSION = YES;
				CLANG_WARN_INFINITE_RECURSION = YES;
				CLANG_WARN_INT_CONVERSION = YES;
				CLANG_WARN_NON_LITERAL_NULL_CONVERSION = YES;
				CLANG_WARN_OBJC_IMPLICIT_RETAIN_SELF = YES;
				CLANG_WARN_OBJC_LITERAL_CONVERSION = YES;
				CLANG_WARN_OBJC_ROOT_CLASS = YES_ERROR;
				CLANG_WARN_RANGE_LOOP_ANALYSIS = YES;
				CLANG_WARN_STRICT_PROTOTYPES = YES;
				CLANG_WARN_SUSPICIOUS_MOVE = YES;
				CLANG_WARN_UNGUARDED_AVAILABILITY = YES_AGGRESSIVE;
				CLANG_WARN_UNREACHABLE_CODE = YES;
				CLANG_WARN__DUPLICATE_METHOD_MATCH = YES;
				COPY_PHASE_STRIP = NO;
				DEBUG_INFORMATION_FORMAT = dwarf;
				ENABLE_STRICT_OBJC_MSGSEND = YES;
				ENABLE_TESTABILITY = YES;
				GCC_C_LANGUAGE_STANDARD = gnu11;
				GCC_DYNAMIC_NO_PIC = NO;
				GCC_NO_COMMON_BLOCKS = YES;
				GCC_OPTIMIZATION_LEVEL = 0;
				GCC_PREPROCESSOR_DEFINITIONS = (
					"DEBUG=1",
					"$(inherited)",
				);
				GCC_WARN_64_TO_32_BIT_CONVERSION = YES;
				GCC_WARN_ABOUT_RETURN_TYPE = YES_ERROR;
				GCC_WARN_UNDECLARED_SELECTOR = YES;
				GCC_WARN_UNINITIALIZED_AUTOS = YES_AGGRESSIVE;
				GCC_WARN_UNUSED_FUNCTION = YES;
				GCC_WARN_UNUSED_VARIABLE = YES;
				IPHONEOS_DEPLOYMENT_TARGET = 13.5;
				MTL_ENABLE_DEBUG_INFO = INCLUDE_SOURCE;
				MTL_FAST_MATH = YES;
				ONLY_ACTIVE_ARCH = YES;
				SDKROOT = iphoneos;
				SWIFT_ACTIVE_COMPILATION_CONDITIONS = DEBUG;
				SWIFT_OPTIMIZATION_LEVEL = "-Onone";
			};
			name = Debug;
		};
		487B4AAA2487436A00F50391 /* Release */ = {
			isa = XCBuildConfiguration;
			buildSettings = {
				ALWAYS_SEARCH_USER_PATHS = NO;
				CLANG_ANALYZER_NONNULL = YES;
				CLANG_ANALYZER_NUMBER_OBJECT_CONVERSION = YES_AGGRESSIVE;
				CLANG_CXX_LANGUAGE_STANDARD = "gnu++14";
				CLANG_CXX_LIBRARY = "libc++";
				CLANG_ENABLE_MODULES = YES;
				CLANG_ENABLE_OBJC_ARC = YES;
				CLANG_ENABLE_OBJC_WEAK = YES;
				CLANG_WARN_BLOCK_CAPTURE_AUTORELEASING = YES;
				CLANG_WARN_BOOL_CONVERSION = YES;
				CLANG_WARN_COMMA = YES;
				CLANG_WARN_CONSTANT_CONVERSION = YES;
				CLANG_WARN_DEPRECATED_OBJC_IMPLEMENTATIONS = YES;
				CLANG_WARN_DIRECT_OBJC_ISA_USAGE = YES_ERROR;
				CLANG_WARN_DOCUMENTATION_COMMENTS = YES;
				CLANG_WARN_EMPTY_BODY = YES;
				CLANG_WARN_ENUM_CONVERSION = YES;
				CLANG_WARN_INFINITE_RECURSION = YES;
				CLANG_WARN_INT_CONVERSION = YES;
				CLANG_WARN_NON_LITERAL_NULL_CONVERSION = YES;
				CLANG_WARN_OBJC_IMPLICIT_RETAIN_SELF = YES;
				CLANG_WARN_OBJC_LITERAL_CONVERSION = YES;
				CLANG_WARN_OBJC_ROOT_CLASS = YES_ERROR;
				CLANG_WARN_RANGE_LOOP_ANALYSIS = YES;
				CLANG_WARN_STRICT_PROTOTYPES = YES;
				CLANG_WARN_SUSPICIOUS_MOVE = YES;
				CLANG_WARN_UNGUARDED_AVAILABILITY = YES_AGGRESSIVE;
				CLANG_WARN_UNREACHABLE_CODE = YES;
				CLANG_WARN__DUPLICATE_METHOD_MATCH = YES;
				COPY_PHASE_STRIP = NO;
				DEBUG_INFORMATION_FORMAT = "dwarf-with-dsym";
				ENABLE_NS_ASSERTIONS = NO;
				ENABLE_STRICT_OBJC_MSGSEND = YES;
				GCC_C_LANGUAGE_STANDARD = gnu11;
				GCC_NO_COMMON_BLOCKS = YES;
				GCC_WARN_64_TO_32_BIT_CONVERSION = YES;
				GCC_WARN_ABOUT_RETURN_TYPE = YES_ERROR;
				GCC_WARN_UNDECLARED_SELECTOR = YES;
				GCC_WARN_UNINITIALIZED_AUTOS = YES_AGGRESSIVE;
				GCC_WARN_UNUSED_FUNCTION = YES;
				GCC_WARN_UNUSED_VARIABLE = YES;
				IPHONEOS_DEPLOYMENT_TARGET = 13.5;
				MTL_ENABLE_DEBUG_INFO = NO;
				MTL_FAST_MATH = YES;
				SDKROOT = iphoneos;
				SWIFT_COMPILATION_MODE = wholemodule;
				SWIFT_OPTIMIZATION_LEVEL = "-O";
				VALIDATE_PRODUCT = YES;
			};
			name = Release;
		};
		487B4AAC2487436A00F50391 /* Debug */ = {
			isa = XCBuildConfiguration;
			buildSettings = {
				ASSETCATALOG_COMPILER_APPICON_NAME = AppIcon;
				CODE_SIGN_STYLE = Automatic;
				DEVELOPMENT_ASSET_PATHS = "\"Memory/Preview Content\"";
				DEVELOPMENT_TEAM = 25569MM3WJ;
				ENABLE_PREVIEWS = YES;
				INFOPLIST_FILE = Memory/Info.plist;
				LD_RUNPATH_SEARCH_PATHS = (
					"$(inherited)",
					"@executable_path/Frameworks",
				);
				PRODUCT_BUNDLE_IDENTIFIER = io.github.emptist.Memory;
				PRODUCT_NAME = "$(TARGET_NAME)";
				SWIFT_VERSION = 5.0;
				TARGETED_DEVICE_FAMILY = "1,2";
			};
			name = Debug;
		};
		487B4AAD2487436A00F50391 /* Release */ = {
			isa = XCBuildConfiguration;
			buildSettings = {
				ASSETCATALOG_COMPILER_APPICON_NAME = AppIcon;
				CODE_SIGN_STYLE = Automatic;
				DEVELOPMENT_ASSET_PATHS = "\"Memory/Preview Content\"";
				DEVELOPMENT_TEAM = 25569MM3WJ;
				ENABLE_PREVIEWS = YES;
				INFOPLIST_FILE = Memory/Info.plist;
				LD_RUNPATH_SEARCH_PATHS = (
					"$(inherited)",
					"@executable_path/Frameworks",
				);
				PRODUCT_BUNDLE_IDENTIFIER = io.github.emptist.Memory;
				PRODUCT_NAME = "$(TARGET_NAME)";
				SWIFT_VERSION = 5.0;
				TARGETED_DEVICE_FAMILY = "1,2";
			};
			name = Release;
		};
/* End XCBuildConfiguration section */

/* Begin XCConfigurationList section */
		487B4A922487436200F50391 /* Build configuration list for PBXProject "Memory" */ = {
			isa = XCConfigurationList;
			buildConfigurations = (
				487B4AA92487436A00F50391 /* Debug */,
				487B4AAA2487436A00F50391 /* Release */,
			);
			defaultConfigurationIsVisible = 0;
			defaultConfigurationName = Release;
		};
		487B4AAB2487436A00F50391 /* Build configuration list for PBXNativeTarget "Memory" */ = {
			isa = XCConfigurationList;
			buildConfigurations = (
				487B4AAC2487436A00F50391 /* Debug */,
				487B4AAD2487436A00F50391 /* Release */,
			);
			defaultConfigurationIsVisible = 0;
			defaultConfigurationName = Release;
		};
/* End XCConfigurationList section */
	};
	rootObject = 487B4A8F2487436200F50391 /* Project object */;
}
